
Microsoft Visual Studio Solution File, Format Version 12.00
# Visual Studio Version 17
VisualStudioVersion = 17.0.31903.59
MinimumVisualStudioVersion = 10.0.40219.1
Project("{2150E333-8FDC-42A3-9474-1A3956D46DE8}") = "src", "src", "{827E0CD3-B72D-47B6-A68D-7590B98EB39B}"
EndProject
Project("{FAE04EC0-301F-11D3-BF4B-00C04F79EFBC}") = "BridgeArr.Domain", "src\BridgeArr.Domain\BridgeArr.Domain.csproj", "{DECCBC7E-CBEE-4A49-952C-2D6D7A431446}"
EndProject
Project("{FAE04EC0-301F-11D3-BF4B-00C04F79EFBC}") = "BridgeArr.Plugins.Abstractions", "src\BridgeArr.Plugins.Abstractions\BridgeArr.Plugins.Abstractions.csproj", "{61CF270F-CEB6-4ADE-8BA4-46E8159B7703}"
EndProject
Project("{FAE04EC0-301F-11D3-BF4B-00C04F79EFBC}") = "BridgeArr.Application", "src\BridgeArr.Application\BridgeArr.Application.csproj", "{2AA24B84-FE74-4BF1-8F5B-54FA244C7FA0}"
EndProject
Project("{FAE04EC0-301F-11D3-BF4B-00C04F79EFBC}") = "BridgeArr.Infrastructure", "src\BridgeArr.Infrastructure\BridgeArr.Infrastructure.csproj", "{75693BFB-6167-4A70-8956-3D3AAFD82B93}"
EndProject
Project("{FAE04EC0-301F-11D3-BF4B-00C04F79EFBC}") = "BridgeArr.Plugins.Radarr", "src\BridgeArr.Plugins.Radarr\BridgeArr.Plugins.Radarr.csproj", "{BC4D992A-266E-40A7-9E12-A9F8750D8052}"
EndProject
Project("{FAE04EC0-301F-11D3-BF4B-00C04F79EFBC}") = "BridgeArr.Plugins.Sonarr", "src\BridgeArr.Plugins.Sonarr\BridgeArr.Plugins.Sonarr.csproj", "{2E033703-C65C-4D73-B674-ED6AF5477A4B}"
EndProject
Project("{FAE04EC0-301F-11D3-BF4B-00C04F79EFBC}") = "BridgeArr.Plugins.Plex", "src\BridgeArr.Plugins.Plex\BridgeArr.Plugins.Plex.csproj", "{A6A0BDEC-95AF-4827-B4D6-5603FC4E169B}"
EndProject
Project("{FAE04EC0-301F-11D3-BF4B-00C04F79EFBC}") = "BridgeArr.Api", "src\BridgeArr.Api\BridgeArr.Api.csproj", "{D224403F-77A2-4378-B95E-A79D2AAEF2B4}"
EndProject
Project("{FAE04EC0-301F-11D3-BF4B-00C04F79EFBC}") = "BridgeArr.Web", "src\BridgeArr.Web\BridgeArr.Web.csproj", "{37470F65-BD95-4877-9856-01717CC81795}"
EndProject
Project("{2150E333-8FDC-42A3-9474-1A3956D46DE8}") = "tests", "tests", "{0AB3BF05-4346-4AA6-1389-037BE0695223}"
EndProject
Project("{FAE04EC0-301F-11D3-BF4B-00C04F79EFBC}") = "BridgeArr.UnitTests", "tests\BridgeArr.UnitTests\BridgeArr.UnitTests.csproj", "{C1817D4F-086C-4518-91BF-79AE06038CF3}"
EndProject
Project("{FAE04EC0-301F-11D3-BF4B-00C04F79EFBC}") = "BridgeArr.IntegrationTests", "tests\BridgeArr.IntegrationTests\BridgeArr.IntegrationTests.csproj", "{4FEC88E6-5F3B-4914-B570-540480767B66}"
EndProject
Global
	GlobalSection(SolutionConfigurationPlatforms) = preSolution
		Debug|Any CPU = Debug|Any CPU
		Debug|x64 = Debug|x64
		Debug|x86 = Debug|x86
		Release|Any CPU = Release|Any CPU
		Release|x64 = Release|x64
		Release|x86 = Release|x86
	EndGlobalSection
	GlobalSection(ProjectConfigurationPlatforms) = postSolution
		{DECCBC7E-CBEE-4A49-952C-2D6D7A431446}.Debug|Any CPU.ActiveCfg = Debug|Any CPU
		{DECCBC7E-CBEE-4A49-952C-2D6D7A431446}.Debug|Any CPU.Build.0 = Debug|Any CPU
		{DECCBC7E-CBEE-4A49-952C-2D6D7A431446}.Debug|x64.ActiveCfg = Debug|Any CPU
		{DECCBC7E-CBEE-4A49-952C-2D6D7A431446}.Debug|x64.Build.0 = Debug|Any CPU
		{DECCBC7E-CBEE-4A49-952C-2D6D7A431446}.Debug|x86.ActiveCfg = Debug|Any CPU
		{DECCBC7E-CBEE-4A49-952C-2D6D7A431446}.Debug|x86.Build.0 = Debug|Any CPU
		{DECCBC7E-CBEE-4A49-952C-2D6D7A431446}.Release|Any CPU.ActiveCfg = Release|Any CPU
		{DECCBC7E-CBEE-4A49-952C-2D6D7A431446}.Release|Any CPU.Build.0 = Release|Any CPU
		{DECCBC7E-CBEE-4A49-952C-2D6D7A431446}.Release|x64.ActiveCfg = Release|Any CPU
		{DECCBC7E-CBEE-4A49-952C-2D6D7A431446}.Release|x64.Build.0 = Release|Any CPU
		{DECCBC7E-CBEE-4A49-952C-2D6D7A431446}.Release|x86.ActiveCfg = Release|Any CPU
		{DECCBC7E-CBEE-4A49-952C-2D6D7A431446}.Release|x86.Build.0 = Release|Any CPU
		{61CF270F-CEB6-4ADE-8BA4-46E8159B7703}.Debug|Any CPU.ActiveCfg = Debug|Any CPU
		{61CF270F-CEB6-4ADE-8BA4-46E8159B7703}.Debug|Any CPU.Build.0 = Debug|Any CPU
		{61CF270F-CEB6-4ADE-8BA4-46E8159B7703}.Debug|x64.ActiveCfg = Debug|Any CPU
		{61CF270F-CEB6-4ADE-8BA4-46E8159B7703}.Debug|x64.Build.0 = Debug|Any CPU
		{61CF270F-CEB6-4ADE-8BA4-46E8159B7703}.Debug|x86.ActiveCfg = Debug|Any CPU
		{61CF270F-CEB6-4ADE-8BA4-46E8159B7703}.Debug|x86.Build.0 = Debug|Any CPU
		{61CF270F-CEB6-4ADE-8BA4-46E8159B7703}.Release|Any CPU.ActiveCfg = Release|Any CPU
		{61CF270F-CEB6-4ADE-8BA4-46E8159B7703}.Release|Any CPU.Build.0 = Release|Any CPU
		{61CF270F-CEB6-4ADE-8BA4-46E8159B7703}.Release|x64.ActiveCfg = Release|Any CPU
		{61CF270F-CEB6-4ADE-8BA4-46E8159B7703}.Release|x64.Build.0 = Release|Any CPU
		{61CF270F-CEB6-4ADE-8BA4-46E8159B7703}.Release|x86.ActiveCfg = Release|Any CPU
		{61CF270F-CEB6-4ADE-8BA4-46E8159B7703}.Release|x86.Build.0 = Release|Any CPU
		{2AA24B84-FE74-4BF1-8F5B-54FA244C7FA0}.Debug|Any CPU.ActiveCfg = Debug|Any CPU
		{2AA24B84-FE74-4BF1-8F5B-54FA244C7FA0}.Debug|Any CPU.Build.0 = Debug|Any CPU
		{2AA24B84-FE74-4BF1-8F5B-54FA244C7FA0}.Debug|x64.ActiveCfg = Debug|Any CPU
		{2AA24B84-FE74-4BF1-8F5B-54FA244C7FA0}.Debug|x64.Build.0 = Debug|Any CPU
		{2AA24B84-FE74-4BF1-8F5B-54FA244C7FA0}.Debug|x86.ActiveCfg = Debug|Any CPU
		{2AA24B84-FE74-4BF1-8F5B-54FA244C7FA0}.Debug|x86.Build.0 = Debug|Any CPU
		{2AA24B84-FE74-4BF1-8F5B-54FA244C7FA0}.Release|Any CPU.ActiveCfg = Release|Any CPU
		{2AA24B84-FE74-4BF1-8F5B-54FA244C7FA0}.Release|Any CPU.Build.0 = Release|Any CPU
		{2AA24B84-FE74-4BF1-8F5B-54FA244C7FA0}.Release|x64.ActiveCfg = Release|Any CPU
		{2AA24B84-FE74-4BF1-8F5B-54FA244C7FA0}.Release|x64.Build.0 = Release|Any CPU
		{2AA24B84-FE74-4BF1-8F5B-54FA244C7FA0}.Release|x86.ActiveCfg = Release|Any CPU
		{2AA24B84-FE74-4BF1-8F5B-54FA244C7FA0}.Release|x86.Build.0 = Release|Any CPU
		{75693BFB-6167-4A70-8956-3D3AAFD82B93}.Debug|Any CPU.ActiveCfg = Debug|Any CPU
		{75693BFB-6167-4A70-8956-3D3AAFD82B93}.Debug|Any CPU.Build.0 = Debug|Any CPU
		{75693BFB-6167-4A70-8956-3D3AAFD82B93}.Debug|x64.ActiveCfg = Debug|Any CPU
		{75693BFB-6167-4A70-8956-3D3AAFD82B93}.Debug|x64.Build.0 = Debug|Any CPU
		{75693BFB-6167-4A70-8956-3D3AAFD82B93}.Debug|x86.ActiveCfg = Debug|Any CPU
		{75693BFB-6167-4A70-8956-3D3AAFD82B93}.Debug|x86.Build.0 = Debug|Any CPU
		{75693BFB-6167-4A70-8956-3D3AAFD82B93}.Release|Any CPU.ActiveCfg = Release|Any CPU
		{75693BFB-6167-4A70-8956-3D3AAFD82B93}.Release|Any CPU.Build.0 = Release|Any CPU
		{75693BFB-6167-4A70-8956-3D3AAFD82B93}.Release|x64.ActiveCfg = Release|Any CPU
		{75693BFB-6167-4A70-8956-3D3AAFD82B93}.Release|x64.Build.0 = Release|Any CPU
		{75693BFB-6167-4A70-8956-3D3AAFD82B93}.Release|x86.ActiveCfg = Release|Any CPU
		{75693BFB-6167-4A70-8956-3D3AAFD82B93}.Release|x86.Build.0 = Release|Any CPU
		{BC4D992A-266E-40A7-9E12-A9F8750D8052}.Debug|Any CPU.ActiveCfg = Debug|Any CPU
		{BC4D992A-266E-40A7-9E12-A9F8750D8052}.Debug|Any CPU.Build.0 = Debug|Any CPU
		{BC4D992A-266E-40A7-9E12-A9F8750D8052}.Debug|x64.ActiveCfg = Debug|Any CPU
		{BC4D992A-266E-40A7-9E12-A9F8750D8052}.Debug|x64.Build.0 = Debug|Any CPU
		{BC4D992A-266E-40A7-9E12-A9F8750D8052}.Debug|x86.ActiveCfg = Debug|Any CPU
		{BC4D992A-266E-40A7-9E12-A9F8750D8052}.Debug|x86.Build.0 = Debug|Any CPU
		{BC4D992A-266E-40A7-9E12-A9F8750D8052}.Release|Any CPU.ActiveCfg = Release|Any CPU
		{BC4D992A-266E-40A7-9E12-A9F8750D8052}.Release|Any CPU.Build.0 = Release|Any CPU
		{BC4D992A-266E-40A7-9E12-A9F8750D8052}.Release|x64.ActiveCfg = Release|Any CPU
		{BC4D992A-266E-40A7-9E12-A9F8750D8052}.Release|x64.Build.0 = Release|Any CPU
		{BC4D992A-266E-40A7-9E12-A9F8750D8052}.Release|x86.ActiveCfg = Release|Any CPU
		{BC4D992A-266E-40A7-9E12-A9F8750D8052}.Release|x86.Build.0 = Release|Any CPU
		{2E033703-C65C-4D73-B674-ED6AF5477A4B}.Debug|Any CPU.ActiveCfg = Debug|Any CPU
		{2E033703-C65C-4D73-B674-ED6AF5477A4B}.Debug|Any CPU.Build.0 = Debug|Any CPU
		{2E033703-C65C-4D73-B674-ED6AF5477A4B}.Debug|x64.ActiveCfg = Debug|Any CPU
		{2E033703-C65C-4D73-B674-ED6AF5477A4B}.Debug|x64.Build.0 = Debug|Any CPU
		{2E033703-C65C-4D73-B674-ED6AF5477A4B}.Debug|x86.ActiveCfg = Debug|Any CPU
		{2E033703-C65C-4D73-B674-ED6AF5477A4B}.Debug|x86.Build.0 = Debug|Any CPU
		{2E033703-C65C-4D73-B674-ED6AF5477A4B}.Release|Any CPU.ActiveCfg = Release|Any CPU
		{2E033703-C65C-4D73-B674-ED6AF5477A4B}.Release|Any CPU.Build.0 = Release|Any CPU
		{2E033703-C65C-4D73-B674-ED6AF5477A4B}.Release|x64.ActiveCfg = Release|Any CPU
		{2E033703-C65C-4D73-B674-ED6AF5477A4B}.Release|x64.Build.0 = Release|Any CPU
		{2E033703-C65C-4D73-B674-ED6AF5477A4B}.Release|x86.ActiveCfg = Release|Any CPU
		{2E033703-C65C-4D73-B674-ED6AF5477A4B}.Release|x86.Build.0 = Release|Any CPU
		{A6A0BDEC-95AF-4827-B4D6-5603FC4E169B}.Debug|Any CPU.ActiveCfg = Debug|Any CPU
		{A6A0BDEC-95AF-4827-B4D6-5603FC4E169B}.Debug|Any CPU.Build.0 = Debug|Any CPU
		{A6A0BDEC-95AF-4827-B4D6-5603FC4E169B}.Debug|x64.ActiveCfg = Debug|Any CPU
		{A6A0BDEC-95AF-4827-B4D6-5603FC4E169B}.Debug|x64.Build.0 = Debug|Any CPU
		{A6A0BDEC-95AF-4827-B4D6-5603FC4E169B}.Debug|x86.ActiveCfg = Debug|Any CPU
		{A6A0BDEC-95AF-4827-B4D6-5603FC4E169B}.Debug|x86.Build.0 = Debug|Any CPU
		{A6A0BDEC-95AF-4827-B4D6-5603FC4E169B}.Release|Any CPU.ActiveCfg = Release|Any CPU
		{A6A0BDEC-95AF-4827-B4D6-5603FC4E169B}.Release|Any CPU.Build.0 = Release|Any CPU
		{A6A0BDEC-95AF-4827-B4D6-5603FC4E169B}.Release|x64.ActiveCfg = Release|Any CPU
		{A6A0BDEC-95AF-4827-B4D6-5603FC4E169B}.Release|x64.Build.0 = Release|Any CPU
		{A6A0BDEC-95AF-4827-B4D6-5603FC4E169B}.Release|x86.ActiveCfg = Release|Any CPU
		{A6A0BDEC-95AF-4827-B4D6-5603FC4E169B}.Release|x86.Build.0 = Release|Any CPU
		{D224403F-77A2-4378-B95E-A79D2AAEF2B4}.Debug|Any CPU.ActiveCfg = Debug|Any CPU
		{D224403F-77A2-4378-B95E-A79D2AAEF2B4}.Debug|Any CPU.Build.0 = Debug|Any CPU
		{D224403F-77A2-4378-B95E-A79D2AAEF2B4}.Debug|x64.ActiveCfg = Debug|Any CPU
		{D224403F-77A2-4378-B95E-A79D2AAEF2B4}.Debug|x64.Build.0 = Debug|Any CPU
		{D224403F-77A2-4378-B95E-A79D2AAEF2B4}.Debug|x86.ActiveCfg = Debug|Any CPU
		{D224403F-77A2-4378-B95E-A79D2AAEF2B4}.Debug|x86.Build.0 = Debug|Any CPU
		{D224403F-77A2-4378-B95E-A79D2AAEF2B4}.Release|Any CPU.ActiveCfg = Release|Any CPU
		{D224403F-77A2-4378-B95E-A79D2AAEF2B4}.Release|Any CPU.Build.0 = Release|Any CPU
		{D224403F-77A2-4378-B95E-A79D2AAEF2B4}.Release|x64.ActiveCfg = Release|Any CPU
		{D224403F-77A2-4378-B95E-A79D2AAEF2B4}.Release|x64.Build.0 = Release|Any CPU
		{D224403F-77A2-4378-B95E-A79D2AAEF2B4}.Release|x86.ActiveCfg = Release|Any CPU
		{D224403F-77A2-4378-B95E-A79D2AAEF2B4}.Release|x86.Build.0 = Release|Any CPU
		{37470F65-BD95-4877-9856-01717CC81795}.Debug|Any CPU.ActiveCfg = Debug|Any CPU
		{37470F65-BD95-4877-9856-01717CC81795}.Debug|Any CPU.Build.0 = Debug|Any CPU
		{37470F65-BD95-4877-9856-01717CC81795}.Debug|x64.ActiveCfg = Debug|Any CPU
		{37470F65-BD95-4877-9856-01717CC81795}.Debug|x64.Build.0 = Debug|Any CPU
		{37470F65-BD95-4877-9856-01717CC81795}.Debug|x86.ActiveCfg = Debug|Any CPU
		{37470F65-BD95-4877-9856-01717CC81795}.Debug|x86.Build.0 = Debug|Any CPU
		{37470F65-BD95-4877-9856-01717CC81795}.Release|Any CPU.ActiveCfg = Release|Any CPU
		{37470F65-BD95-4877-9856-01717CC81795}.Release|Any CPU.Build.0 = Release|Any CPU
		{37470F65-BD95-4877-9856-01717CC81795}.Release|x64.ActiveCfg = Release|Any CPU
		{37470F65-BD95-4877-9856-01717CC81795}.Release|x64.Build.0 = Release|Any CPU
		{37470F65-BD95-4877-9856-01717CC81795}.Release|x86.ActiveCfg = Release|Any CPU
		{37470F65-BD95-4877-9856-01717CC81795}.Release|x86.Build.0 = Release|Any CPU
		{C1817D4F-086C-4518-91BF-79AE06038CF3}.Debug|Any CPU.ActiveCfg = Debug|Any CPU
		{C1817D4F-086C-4518-91BF-79AE06038CF3}.Debug|Any CPU.Build.0 = Debug|Any CPU
		{C1817D4F-086C-4518-91BF-79AE06038CF3}.Debug|x64.ActiveCfg = Debug|Any CPU
		{C1817D4F-086C-4518-91BF-79AE06038CF3}.Debug|x64.Build.0 = Debug|Any CPU
		{C1817D4F-086C-4518-91BF-79AE06038CF3}.Debug|x86.ActiveCfg = Debug|Any CPU
		{C1817D4F-086C-4518-91BF-79AE06038CF3}.Debug|x86.Build.0 = Debug|Any CPU
		{C1817D4F-086C-4518-91BF-79AE06038CF3}.Release|Any CPU.ActiveCfg = Release|Any CPU
		{C1817D4F-086C-4518-91BF-79AE06038CF3}.Release|Any CPU.Build.0 = Release|Any CPU
		{C1817D4F-086C-4518-91BF-79AE06038CF3}.Release|x64.ActiveCfg = Release|Any CPU
		{C1817D4F-086C-4518-91BF-79AE06038CF3}.Release|x64.Build.0 = Release|Any CPU
		{C1817D4F-086C-4518-91BF-79AE06038CF3}.Release|x86.ActiveCfg = Release|Any CPU
		{C1817D4F-086C-4518-91BF-79AE06038CF3}.Release|x86.Build.0 = Release|Any CPU
		{4FEC88E6-5F3B-4914-B570-540480767B66}.Debug|Any CPU.ActiveCfg = Debug|Any CPU
		{4FEC88E6-5F3B-4914-B570-540480767B66}.Debug|Any CPU.Build.0 = Debug|Any CPU
		{4FEC88E6-5F3B-4914-B570-540480767B66}.Debug|x64.ActiveCfg = Debug|Any CPU
		{4FEC88E6-5F3B-4914-B570-540480767B66}.Debug|x64.Build.0 = Debug|Any CPU
		{4FEC88E6-5F3B-4914-B570-540480767B66}.Debug|x86.ActiveCfg = Debug|Any CPU
		{4FEC88E6-5F3B-4914-B570-540480767B66}.Debug|x86.Build.0 = Debug|Any CPU
		{4FEC88E6-5F3B-4914-B570-540480767B66}.Release|Any CPU.ActiveCfg = Release|Any CPU
		{4FEC88E6-5F3B-4914-B570-540480767B66}.Release|Any CPU.Build.0 = Release|Any CPU
		{4FEC88E6-5F3B-4914-B570-540480767B66}.Release|x64.ActiveCfg = Release|Any CPU
		{4FEC88E6-5F3B-4914-B570-540480767B66}.Release|x64.Build.0 = Release|Any CPU
		{4FEC88E6-5F3B-4914-B570-540480767B66}.Release|x86.ActiveCfg = Release|Any CPU
		{4FEC88E6-5F3B-4914-B570-540480767B66}.Release|x86.Build.0 = Release|Any CPU
	EndGlobalSection
	GlobalSection(SolutionProperties) = preSolution
		HideSolutionNode = FALSE
	EndGlobalSection
	GlobalSection(NestedProjects) = preSolution
		{DECCBC7E-CBEE-4A49-952C-2D6D7A431446} = {827E0CD3-B72D-47B6-A68D-7590B98EB39B}
		{61CF270F-CEB6-4ADE-8BA4-46E8159B7703} = {827E0CD3-B72D-47B6-A68D-7590B98EB39B}
		{2AA24B84-FE74-4BF1-8F5B-54FA244C7FA0} = {827E0CD3-B72D-47B6-A68D-7590B98EB39B}
		{75693BFB-6167-4A70-8956-3D3AAFD82B93} = {827E0CD3-B72D-47B6-A68D-7590B98EB39B}
		{BC4D992A-266E-40A7-9E12-A9F8750D8052} = {827E0CD3-B72D-47B6-A68D-7590B98EB39B}
		{2E033703-C65C-4D73-B674-ED6AF5477A4B} = {827E0CD3-B72D-47B6-A68D-7590B98EB39B}
		{A6A0BDEC-95AF-4827-B4D6-5603FC4E169B} = {827E0CD3-B72D-47B6-A68D-7590B98EB39B}
		{D224403F-77A2-4378-B95E-A79D2AAEF2B4} = {827E0CD3-B72D-47B6-A68D-7590B98EB39B}
		{37470F65-BD95-4877-9856-01717CC81795} = {827E0CD3-B72D-47B6-A68D-7590B98EB39B}
		{C1817D4F-086C-4518-91BF-79AE06038CF3} = {0AB3BF05-4346-4AA6-1389-037BE0695223}
		{4FEC88E6-5F3B-4914-B570-540480767B66} = {0AB3BF05-4346-4AA6-1389-037BE0695223}
	EndGlobalSection
EndGlobal
